// !$*UTF8*$!
{
	archiveVersion = 1;
	classes = {
	};
	objectVersion = 50;
	objects = {

/* Begin PBXBuildFile section */
		17675104252E1AA5003185F4 /* AppDelegate.swift in Sources */ = {isa = PBXBuildFile; fileRef = 17675103252E1AA5003185F4 /* AppDelegate.swift */; };
		17675106252E1AA5003185F4 /* SceneDelegate.swift in Sources */ = {isa = PBXBuildFile; fileRef = 17675105252E1AA5003185F4 /* SceneDelegate.swift */; };
		17675108252E1AA5003185F4 /* ViewController.swift in Sources */ = {isa = PBXBuildFile; fileRef = 17675107252E1AA5003185F4 /* ViewController.swift */; };
		1767510B252E1AA5003185F4 /* Main.storyboard in Resources */ = {isa = PBXBuildFile; fileRef = 17675109252E1AA5003185F4 /* Main.storyboard */; };
		1767510D252E1AA7003185F4 /* Assets.xcassets in Resources */ = {isa = PBXBuildFile; fileRef = 1767510C252E1AA7003185F4 /* Assets.xcassets */; };
		17675110252E1AA7003185F4 /* LaunchScreen.storyboard in Resources */ = {isa = PBXBuildFile; fileRef = 1767510E252E1AA7003185F4 /* LaunchScreen.storyboard */; };
		1767511B252E1AA7003185F4 /* ______Tests.swift in Sources */ = {isa = PBXBuildFile; fileRef = 1767511A252E1AA7003185F4 /* ______Tests.swift */; };
		17675126252E1AA7003185F4 /* ______UITests.swift in Sources */ = {isa = PBXBuildFile; fileRef = 17675125252E1AA7003185F4 /* ______UITests.swift */; };
/* End PBXBuildFile section */

/* Begin PBXContainerItemProxy section */
		17675117252E1AA7003185F4 /* PBXContainerItemProxy */ = {
			isa = PBXContainerItemProxy;
			containerPortal = 176750F8252E1AA5003185F4 /* Project object */;
			proxyType = 1;
			remoteGlobalIDString = 176750FF252E1AA5003185F4;
			remoteInfo = "ололол";
		};
		17675122252E1AA7003185F4 /* PBXContainerItemProxy */ = {
			isa = PBXContainerItemProxy;
			containerPortal = 176750F8252E1AA5003185F4 /* Project object */;
			proxyType = 1;
			remoteGlobalIDString = 176750FF252E1AA5003185F4;
			remoteInfo = "ололол";
		};
/* End PBXContainerItemProxy section */

/* Begin PBXFileReference section */
		17675100252E1AA5003185F4 /* ололол.app */ = {isa = PBXFileReference; explicitFileType = wrapper.application; includeInIndex = 0; path = "ололол.app"; sourceTree = BUILT_PRODUCTS_DIR; };
		17675103252E1AA5003185F4 /* AppDelegate.swift */ = {isa = PBXFileReference; lastKnownFileType = sourcecode.swift; path = AppDelegate.swift; sourceTree = "<group>"; };
		17675105252E1AA5003185F4 /* SceneDelegate.swift */ = {isa = PBXFileReference; lastKnownFileType = sourcecode.swift; path = SceneDelegate.swift; sourceTree = "<group>"; };
		17675107252E1AA5003185F4 /* ViewController.swift */ = {isa = PBXFileReference; lastKnownFileType = sourcecode.swift; path = ViewController.swift; sourceTree = "<group>"; };
		1767510A252E1AA5003185F4 /* Base */ = {isa = PBXFileReference; lastKnownFileType = file.storyboard; name = Base; path = Base.lproj/Main.storyboard; sourceTree = "<group>"; };
		1767510C252E1AA7003185F4 /* Assets.xcassets */ = {isa = PBXFileReference; lastKnownFileType = folder.assetcatalog; path = Assets.xcassets; sourceTree = "<group>"; };
		1767510F252E1AA7003185F4 /* Base */ = {isa = PBXFileReference; lastKnownFileType = file.storyboard; name = Base; path = Base.lproj/LaunchScreen.storyboard; sourceTree = "<group>"; };
		17675111252E1AA7003185F4 /* Info.plist */ = {isa = PBXFileReference; lastKnownFileType = text.plist.xml; path = Info.plist; sourceTree = "<group>"; };
		17675116252E1AA7003185F4 /* олололTests.xctest */ = {isa = PBXFileReference; explicitFileType = wrapper.cfbundle; includeInIndex = 0; path = "олололTests.xctest"; sourceTree = BUILT_PRODUCTS_DIR; };
		1767511A252E1AA7003185F4 /* ______Tests.swift */ = {isa = PBXFileReference; lastKnownFileType = sourcecode.swift; path = "______Tests.swift"; sourceTree = "<group>"; };
		1767511C252E1AA7003185F4 /* Info.plist */ = {isa = PBXFileReference; lastKnownFileType = text.plist.xml; path = Info.plist; sourceTree = "<group>"; };
		17675121252E1AA7003185F4 /* олололUITests.xctest */ = {isa = PBXFileReference; explicitFileType = wrapper.cfbundle; includeInIndex = 0; path = "олололUITests.xctest"; sourceTree = BUILT_PRODUCTS_DIR; };
		17675125252E1AA7003185F4 /* ______UITests.swift */ = {isa = PBXFileReference; lastKnownFileType = sourcecode.swift; path = "______UITests.swift"; sourceTree = "<group>"; };
		17675127252E1AA7003185F4 /* Info.plist */ = {isa = PBXFileReference; lastKnownFileType = text.plist.xml; path = Info.plist; sourceTree = "<group>"; };
/* End PBXFileReference section */

/* Begin PBXFrameworksBuildPhase section */
		176750FD252E1AA5003185F4 /* Frameworks */ = {
			isa = PBXFrameworksBuildPhase;
			buildActionMask = 2147483647;
			files = (
			);
			runOnlyForDeploymentPostprocessing = 0;
		};
		17675113252E1AA7003185F4 /* Frameworks */ = {
			isa = PBXFrameworksBuildPhase;
			buildActionMask = 2147483647;
			files = (
			);
			runOnlyForDeploymentPostprocessing = 0;
		};
		1767511E252E1AA7003185F4 /* Frameworks */ = {
			isa = PBXFrameworksBuildPhase;
			buildActionMask = 2147483647;
			files = (
			);
			runOnlyForDeploymentPostprocessing = 0;
		};
/* End PBXFrameworksBuildPhase section */

/* Begin PBXGroup section */
		176750F7252E1AA5003185F4 = {
			isa = PBXGroup;
			children = (
				17675102252E1AA5003185F4 /* ололол */,
				17675119252E1AA7003185F4 /* олололTests */,
				17675124252E1AA7003185F4 /* олололUITests */,
				17675101252E1AA5003185F4 /* Products */,
			);
			sourceTree = "<group>";
		};
		17675101252E1AA5003185F4 /* Products */ = {
			isa = PBXGroup;
			children = (
				17675100252E1AA5003185F4 /* ололол.app */,
				17675116252E1AA7003185F4 /* олололTests.xctest */,
				17675121252E1AA7003185F4 /* олололUITests.xctest */,
			);
			name = Products;
			sourceTree = "<group>";
		};
		17675102252E1AA5003185F4 /* ололол */ = {
			isa = PBXGroup;
			children = (
				17675103252E1AA5003185F4 /* AppDelegate.swift */,
				17675105252E1AA5003185F4 /* SceneDelegate.swift */,
				17675107252E1AA5003185F4 /* ViewController.swift */,
				17675109252E1AA5003185F4 /* Main.storyboard */,
				1767510C252E1AA7003185F4 /* Assets.xcassets */,
				1767510E252E1AA7003185F4 /* LaunchScreen.storyboard */,
				17675111252E1AA7003185F4 /* Info.plist */,
			);
			path = "ололол";
			sourceTree = "<group>";
		};
		17675119252E1AA7003185F4 /* олололTests */ = {
			isa = PBXGroup;
			children = (
				1767511A252E1AA7003185F4 /* ______Tests.swift */,
				1767511C252E1AA7003185F4 /* Info.plist */,
			);
			path = "олололTests";
			sourceTree = "<group>";
		};
		17675124252E1AA7003185F4 /* олололUITests */ = {
			isa = PBXGroup;
			children = (
				17675125252E1AA7003185F4 /* ______UITests.swift */,
				17675127252E1AA7003185F4 /* Info.plist */,
			);
			path = "олололUITests";
			sourceTree = "<group>";
		};
/* End PBXGroup section */

/* Begin PBXNativeTarget section */
		176750FF252E1AA5003185F4 /* ололол */ = {
			isa = PBXNativeTarget;
			buildConfigurationList = 1767512A252E1AA7003185F4 /* Build configuration list for PBXNativeTarget "ололол" */;
			buildPhases = (
				176750FC252E1AA5003185F4 /* Sources */,
				176750FD252E1AA5003185F4 /* Frameworks */,
				176750FE252E1AA5003185F4 /* Resources */,
			);
			buildRules = (
			);
			dependencies = (
			);
			name = "ололол";
			productName = "ололол";
			productReference = 17675100252E1AA5003185F4 /* ололол.app */;
			productType = "com.apple.product-type.application";
		};
		17675115252E1AA7003185F4 /* олололTests */ = {
			isa = PBXNativeTarget;
			buildConfigurationList = 1767512D252E1AA7003185F4 /* Build configuration list for PBXNativeTarget "олололTests" */;
			buildPhases = (
				17675112252E1AA7003185F4 /* Sources */,
				17675113252E1AA7003185F4 /* Frameworks */,
				17675114252E1AA7003185F4 /* Resources */,
			);
			buildRules = (
			);
			dependencies = (
				17675118252E1AA7003185F4 /* PBXTargetDependency */,
			);
			name = "олололTests";
			productName = "олололTests";
			productReference = 17675116252E1AA7003185F4 /* олололTests.xctest */;
			productType = "com.apple.product-type.bundle.unit-test";
		};
		17675120252E1AA7003185F4 /* олололUITests */ = {
			isa = PBXNativeTarget;
			buildConfigurationList = 17675130252E1AA7003185F4 /* Build configuration list for PBXNativeTarget "олололUITests" */;
			buildPhases = (
				1767511D252E1AA7003185F4 /* Sources */,
				1767511E252E1AA7003185F4 /* Frameworks */,
				1767511F252E1AA7003185F4 /* Resources */,
			);
			buildRules = (
			);
			dependencies = (
				17675123252E1AA7003185F4 /* PBXTargetDependency */,
			);
			name = "олололUITests";
			productName = "олололUITests";
			productReference = 17675121252E1AA7003185F4 /* олололUITests.xctest */;
			productType = "com.apple.product-type.bundle.ui-testing";
		};
/* End PBXNativeTarget section */

/* Begin PBXProject section */
		176750F8252E1AA5003185F4 /* Project object */ = {
			isa = PBXProject;
			attributes = {
				LastSwiftUpdateCheck = 1200;
				LastUpgradeCheck = 1200;
				TargetAttributes = {
					176750FF252E1AA5003185F4 = {
						CreatedOnToolsVersion = 12.0.1;
					};
					17675115252E1AA7003185F4 = {
						CreatedOnToolsVersion = 12.0.1;
						TestTargetID = 176750FF252E1AA5003185F4;
					};
					17675120252E1AA7003185F4 = {
						CreatedOnToolsVersion = 12.0.1;
						TestTargetID = 176750FF252E1AA5003185F4;
					};
				};
			};
			buildConfigurationList = 176750FB252E1AA5003185F4 /* Build configuration list for PBXProject "ололол" */;
			compatibilityVersion = "Xcode 9.3";
			developmentRegion = en;
			hasScannedForEncodings = 0;
			knownRegions = (
				en,
				Base,
			);
			mainGroup = 176750F7252E1AA5003185F4;
			productRefGroup = 17675101252E1AA5003185F4 /* Products */;
			projectDirPath = "";
			projectRoot = "";
			targets = (
				176750FF252E1AA5003185F4 /* ололол */,
				17675115252E1AA7003185F4 /* олололTests */,
				17675120252E1AA7003185F4 /* олололUITests */,
			);
		};
/* End PBXProject section */

/* Begin PBXResourcesBuildPhase section */
		176750FE252E1AA5003185F4 /* Resources */ = {
			isa = PBXResourcesBuildPhase;
			buildActionMask = 2147483647;
			files = (
				17675110252E1AA7003185F4 /* LaunchScreen.storyboard in Resources */,
				1767510D252E1AA7003185F4 /* Assets.xcassets in Resources */,
				1767510B252E1AA5003185F4 /* Main.storyboard in Resources */,
			);
			runOnlyForDeploymentPostprocessing = 0;
		};
		17675114252E1AA7003185F4 /* Resources */ = {
			isa = PBXResourcesBuildPhase;
			buildActionMask = 2147483647;
			files = (
			);
			runOnlyForDeploymentPostprocessing = 0;
		};
		1767511F252E1AA7003185F4 /* Resources */ = {
			isa = PBXResourcesBuildPhase;
			buildActionMask = 2147483647;
			files = (
			);
			runOnlyForDeploymentPostprocessing = 0;
		};
/* End PBXResourcesBuildPhase section */

/* Begin PBXSourcesBuildPhase section */
		176750FC252E1AA5003185F4 /* Sources */ = {
			isa = PBXSourcesBuildPhase;
			buildActionMask = 2147483647;
			files = (
				17675108252E1AA5003185F4 /* ViewController.swift in Sources */,
				17675104252E1AA5003185F4 /* AppDelegate.swift in Sources */,
				17675106252E1AA5003185F4 /* SceneDelegate.swift in Sources */,
			);
			runOnlyForDeploymentPostprocessing = 0;
		};
		17675112252E1AA7003185F4 /* Sources */ = {
			isa = PBXSourcesBuildPhase;
			buildActionMask = 2147483647;
			files = (
				1767511B252E1AA7003185F4 /* ______Tests.swift in Sources */,
			);
			runOnlyForDeploymentPostprocessing = 0;
		};
		1767511D252E1AA7003185F4 /* Sources */ = {
			isa = PBXSourcesBuildPhase;
			buildActionMask = 2147483647;
			files = (
				17675126252E1AA7003185F4 /* ______UITests.swift in Sources */,
			);
			runOnlyForDeploymentPostprocessing = 0;
		};
/* End PBXSourcesBuildPhase section */

/* Begin PBXTargetDependency section */
		17675118252E1AA7003185F4 /* PBXTargetDependency */ = {
			isa = PBXTargetDependency;
			target = 176750FF252E1AA5003185F4 /* ололол */;
			targetProxy = 17675117252E1AA7003185F4 /* PBXContainerItemProxy */;
		};
		17675123252E1AA7003185F4 /* PBXTargetDependency */ = {
			isa = PBXTargetDependency;
			target = 176750FF252E1AA5003185F4 /* ололол */;
			targetProxy = 17675122252E1AA7003185F4 /* PBXContainerItemProxy */;
		};
/* End PBXTargetDependency section */

/* Begin PBXVariantGroup section */
		17675109252E1AA5003185F4 /* Main.storyboard */ = {
			isa = PBXVariantGroup;
			children = (
				1767510A252E1AA5003185F4 /* Base */,
			);
			name = Main.storyboard;
			sourceTree = "<group>";
		};
		1767510E252E1AA7003185F4 /* LaunchScreen.storyboard */ = {
			isa = PBXVariantGroup;
			children = (
				1767510F252E1AA7003185F4 /* Base */,
			);
			name = LaunchScreen.storyboard;
			sourceTree = "<group>";
		};
/* End PBXVariantGroup section */

/* Begin XCBuildConfiguration section */
		17675128252E1AA7003185F4 /* Debug */ = {
			isa = XCBuildConfiguration;
			buildSettings = {
				ALWAYS_SEARCH_USER_PATHS = NO;
				CLANG_ANALYZER_NONNULL = YES;
				CLANG_ANALYZER_NUMBER_OBJECT_CONVERSION = YES_AGGRESSIVE;
				CLANG_CXX_LANGUAGE_STANDARD = "gnu++14";
				CLANG_CXX_LIBRARY = "libc++";
				CLANG_ENABLE_MODULES = YES;
				CLANG_ENABLE_OBJC_ARC = YES;
				CLANG_ENABLE_OBJC_WEAK = YES;
				CLANG_WARN_BLOCK_CAPTURE_AUTORELEASING = YES;
				CLANG_WARN_BOOL_CONVERSION = YES;
				CLANG_WARN_COMMA = YES;
				CLANG_WARN_CONSTANT_CONVERSION = YES;
				CLANG_WARN_DEPRECATED_OBJC_IMPLEMENTATIONS = YES;
				CLANG_WARN_DIRECT_OBJC_ISA_USAGE = YES_ERROR;
				CLANG_WARN_DOCUMENTATION_COMMENTS = YES;
				CLANG_WARN_EMPTY_BODY = YES;
				CLANG_WARN_ENUM_CONVERSION = YES;
				CLANG_WARN_INFINITE_RECURSION = YES;
				CLANG_WARN_INT_CONVERSION = YES;
				CLANG_WARN_NON_LITERAL_NULL_CONVERSION = YES;
				CLANG_WARN_OBJC_IMPLICIT_RETAIN_SELF = YES;
				CLANG_WARN_OBJC_LITERAL_CONVERSION = YES;
				CLANG_WARN_OBJC_ROOT_CLASS = YES_ERROR;
				CLANG_WARN_QUOTED_INCLUDE_IN_FRAMEWORK_HEADER = YES;
				CLANG_WARN_RANGE_LOOP_ANALYSIS = YES;
				CLANG_WARN_STRICT_PROTOTYPES = YES;
				CLANG_WARN_SUSPICIOUS_MOVE = YES;
				CLANG_WARN_UNGUARDED_AVAILABILITY = YES_AGGRESSIVE;
				CLANG_WARN_UNREACHABLE_CODE = YES;
				CLANG_WARN__DUPLICATE_METHOD_MATCH = YES;
				COPY_PHASE_STRIP = NO;
				DEBUG_INFORMATION_FORMAT = dwarf;
				ENABLE_STRICT_OBJC_MSGSEND = YES;
				ENABLE_TESTABILITY = YES;
				GCC_C_LANGUAGE_STANDARD = gnu11;
				GCC_DYNAMIC_NO_PIC = NO;
				GCC_NO_COMMON_BLOCKS = YES;
				GCC_OPTIMIZATION_LEVEL = 0;
				GCC_PREPROCESSOR_DEFINITIONS = (
					"DEBUG=1",
					"$(inherited)",
				);
				GCC_WARN_64_TO_32_BIT_CONVERSION = YES;
				GCC_WARN_ABOUT_RETURN_TYPE = YES_ERROR;
				GCC_WARN_UNDECLARED_SELECTOR = YES;
				GCC_WARN_UNINITIALIZED_AUTOS = YES_AGGRESSIVE;
				GCC_WARN_UNUSED_FUNCTION = YES;
				GCC_WARN_UNUSED_VARIABLE = YES;
				IPHONEOS_DEPLOYMENT_TARGET = 14.0;
				MTL_ENABLE_DEBUG_INFO = INCLUDE_SOURCE;
				MTL_FAST_MATH = YES;
				ONLY_ACTIVE_ARCH = YES;
				SDKROOT = iphoneos;
				SWIFT_ACTIVE_COMPILATION_CONDITIONS = DEBUG;
				SWIFT_OPTIMIZATION_LEVEL = "-Onone";
			};
			name = Debug;
		};
		17675129252E1AA7003185F4 /* Release */ = {
			isa = XCBuildConfiguration;
			buildSettings = {
				ALWAYS_SEARCH_USER_PATHS = NO;
				CLANG_ANALYZER_NONNULL = YES;
				CLANG_ANALYZER_NUMBER_OBJECT_CONVERSION = YES_AGGRESSIVE;
				CLANG_CXX_LANGUAGE_STANDARD = "gnu++14";
				CLANG_CXX_LIBRARY = "libc++";
				CLANG_ENABLE_MODULES = YES;
				CLANG_ENABLE_OBJC_ARC = YES;
				CLANG_ENABLE_OBJC_WEAK = YES;
				CLANG_WARN_BLOCK_CAPTURE_AUTORELEASING = YES;
				CLANG_WARN_BOOL_CONVERSION = YES;
				CLANG_WARN_COMMA = YES;
				CLANG_WARN_CONSTANT_CONVERSION = YES;
				CLANG_WARN_DEPRECATED_OBJC_IMPLEMENTATIONS = YES;
				CLANG_WARN_DIRECT_OBJC_ISA_USAGE = YES_ERROR;
				CLANG_WARN_DOCUMENTATION_COMMENTS = YES;
				CLANG_WARN_EMPTY_BODY = YES;
				CLANG_WARN_ENUM_CONVERSION = YES;
				CLANG_WARN_INFINITE_RECURSION = YES;
				CLANG_WARN_INT_CONVERSION = YES;
				CLANG_WARN_NON_LITERAL_NULL_CONVERSION = YES;
				CLANG_WARN_OBJC_IMPLICIT_RETAIN_SELF = YES;
				CLANG_WARN_OBJC_LITERAL_CONVERSION = YES;
				CLANG_WARN_OBJC_ROOT_CLASS = YES_ERROR;
				CLANG_WARN_QUOTED_INCLUDE_IN_FRAMEWORK_HEADER = YES;
				CLANG_WARN_RANGE_LOOP_ANALYSIS = YES;
				CLANG_WARN_STRICT_PROTOTYPES = YES;
				CLANG_WARN_SUSPICIOUS_MOVE = YES;
				CLANG_WARN_UNGUARDED_AVAILABILITY = YES_AGGRESSIVE;
				CLANG_WARN_UNREACHABLE_CODE = YES;
				CLANG_WARN__DUPLICATE_METHOD_MATCH = YES;
				COPY_PHASE_STRIP = NO;
				DEBUG_INFORMATION_FORMAT = "dwarf-with-dsym";
				ENABLE_NS_ASSERTIONS = NO;
				ENABLE_STRICT_OBJC_MSGSEND = YES;
				GCC_C_LANGUAGE_STANDARD = gnu11;
				GCC_NO_COMMON_BLOCKS = YES;
				GCC_WARN_64_TO_32_BIT_CONVERSION = YES;
				GCC_WARN_ABOUT_RETURN_TYPE = YES_ERROR;
				GCC_WARN_UNDECLARED_SELECTOR = YES;
				GCC_WARN_UNINITIALIZED_AUTOS = YES_AGGRESSIVE;
				GCC_WARN_UNUSED_FUNCTION = YES;
				GCC_WARN_UNUSED_VARIABLE = YES;
				IPHONEOS_DEPLOYMENT_TARGET = 14.0;
				MTL_ENABLE_DEBUG_INFO = NO;
				MTL_FAST_MATH = YES;
				SDKROOT = iphoneos;
				SWIFT_COMPILATION_MODE = wholemodule;
				SWIFT_OPTIMIZATION_LEVEL = "-O";
				VALIDATE_PRODUCT = YES;
			};
			name = Release;
		};
		1767512B252E1AA7003185F4 /* Debug */ = {
			isa = XCBuildConfiguration;
			buildSettings = {
				ASSETCATALOG_COMPILER_APPICON_NAME = AppIcon;
				ASSETCATALOG_COMPILER_GLOBAL_ACCENT_COLOR_NAME = AccentColor;
				CODE_SIGN_STYLE = Automatic;
				DEVELOPMENT_TEAM = TAC8Z782S6;
				INFOPLIST_FILE = "ололол/Info.plist";
				LD_RUNPATH_SEARCH_PATHS = (
					"$(inherited)",
					"@executable_path/Frameworks",
				);
				PRODUCT_BUNDLE_IDENTIFIER = "Yaroslav.Himko.------";
				PRODUCT_NAME = "$(TARGET_NAME)";
				SWIFT_VERSION = 5.0;
				TARGETED_DEVICE_FAMILY = "1,2";
			};
			name = Debug;
		};
		1767512C252E1AA7003185F4 /* Release */ = {
			isa = XCBuildConfiguration;
			buildSettings = {
				ASSETCATALOG_COMPILER_APPICON_NAME = AppIcon;
				ASSETCATALOG_COMPILER_GLOBAL_ACCENT_COLOR_NAME = AccentColor;
				CODE_SIGN_STYLE = Automatic;
				DEVELOPMENT_TEAM = TAC8Z782S6;
				INFOPLIST_FILE = "ололол/Info.plist";
				LD_RUNPATH_SEARCH_PATHS = (
					"$(inherited)",
					"@executable_path/Frameworks",
				);
				PRODUCT_BUNDLE_IDENTIFIER = "Yaroslav.Himko.------";
				PRODUCT_NAME = "$(TARGET_NAME)";
				SWIFT_VERSION = 5.0;
				TARGETED_DEVICE_FAMILY = "1,2";
			};
			name = Release;
		};
		1767512E252E1AA7003185F4 /* Debug */ = {
			isa = XCBuildConfiguration;
			buildSettings = {
				ALWAYS_EMBED_SWIFT_STANDARD_LIBRARIES = YES;
				BUNDLE_LOADER = "$(TEST_HOST)";
				CODE_SIGN_STYLE = Automatic;
				DEVELOPMENT_TEAM = TAC8Z782S6;
				INFOPLIST_FILE = "олололTests/Info.plist";
				IPHONEOS_DEPLOYMENT_TARGET = 14.0;
				LD_RUNPATH_SEARCH_PATHS = (
					"$(inherited)",
					"@executable_path/Frameworks",
					"@loader_path/Frameworks",
				);
				PRODUCT_BUNDLE_IDENTIFIER = "Yaroslav.Himko.------Tests";
				PRODUCT_NAME = "$(TARGET_NAME)";
				SWIFT_VERSION = 5.0;
				TARGETED_DEVICE_FAMILY = "1,2";
				TEST_HOST = "$(BUILT_PRODUCTS_DIR)/ололол.app/ололол";
			};
			name = Debug;
		};
		1767512F252E1AA7003185F4 /* Release */ = {
			isa = XCBuildConfiguration;
			buildSettings = {
				ALWAYS_EMBED_SWIFT_STANDARD_LIBRARIES = YES;
				BUNDLE_LOADER = "$(TEST_HOST)";
				CODE_SIGN_STYLE = Automatic;
				DEVELOPMENT_TEAM = TAC8Z782S6;
				INFOPLIST_FILE = "олололTests/Info.plist";
				IPHONEOS_DEPLOYMENT_TARGET = 14.0;
				LD_RUNPATH_SEARCH_PATHS = (
					"$(inherited)",
					"@executable_path/Frameworks",
					"@loader_path/Frameworks",
				);
				PRODUCT_BUNDLE_IDENTIFIER = "Yaroslav.Himko.------Tests";
				PRODUCT_NAME = "$(TARGET_NAME)";
				SWIFT_VERSION = 5.0;
				TARGETED_DEVICE_FAMILY = "1,2";
				TEST_HOST = "$(BUILT_PRODUCTS_DIR)/ололол.app/ололол";
			};
			name = Release;
		};
		17675131252E1AA7003185F4 /* Debug */ = {
			isa = XCBuildConfiguration;
			buildSettings = {
				ALWAYS_EMBED_SWIFT_STANDARD_LIBRARIES = YES;
				CODE_SIGN_STYLE = Automatic;
				DEVELOPMENT_TEAM = TAC8Z782S6;
				INFOPLIST_FILE = "олололUITests/Info.plist";
				LD_RUNPATH_SEARCH_PATHS = (
					"$(inherited)",
					"@executable_path/Frameworks",
					"@loader_path/Frameworks",
				);
				PRODUCT_BUNDLE_IDENTIFIER = "Yaroslav.Himko.------UITests";
				PRODUCT_NAME = "$(TARGET_NAME)";
				SWIFT_VERSION = 5.0;
				TARGETED_DEVICE_FAMILY = "1,2";
				TEST_TARGET_NAME = "ололол";
			};
			name = Debug;
		};
		17675132252E1AA7003185F4 /* Release */ = {
			isa = XCBuildConfiguration;
			buildSettings = {
				ALWAYS_EMBED_SWIFT_STANDARD_LIBRARIES = YES;
				CODE_SIGN_STYLE = Automatic;
				DEVELOPMENT_TEAM = TAC8Z782S6;
				INFOPLIST_FILE = "олололUITests/Info.plist";
				LD_RUNPATH_SEARCH_PATHS = (
					"$(inherited)",
					"@executable_path/Frameworks",
					"@loader_path/Frameworks",
				);
				PRODUCT_BUNDLE_IDENTIFIER = "Yaroslav.Himko.------UITests";
				PRODUCT_NAME = "$(TARGET_NAME)";
				SWIFT_VERSION = 5.0;
				TARGETED_DEVICE_FAMILY = "1,2";
				TEST_TARGET_NAME = "ололол";
			};
			name = Release;
		};
/* End XCBuildConfiguration section */

/* Begin XCConfigurationList section */
		176750FB252E1AA5003185F4 /* Build configuration list for PBXProject "ололол" */ = {
			isa = XCConfigurationList;
			buildConfigurations = (
				17675128252E1AA7003185F4 /* Debug */,
				17675129252E1AA7003185F4 /* Release */,
			);
			defaultConfigurationIsVisible = 0;
			defaultConfigurationName = Release;
		};
		1767512A252E1AA7003185F4 /* Build configuration list for PBXNativeTarget "ололол" */ = {
			isa = XCConfigurationList;
			buildConfigurations = (
				1767512B252E1AA7003185F4 /* Debug */,
				1767512C252E1AA7003185F4 /* Release */,
			);
			defaultConfigurationIsVisible = 0;
			defaultConfigurationName = Release;
		};
		1767512D252E1AA7003185F4 /* Build configuration list for PBXNativeTarget "олололTests" */ = {
			isa = XCConfigurationList;
			buildConfigurations = (
				1767512E252E1AA7003185F4 /* Debug */,
				1767512F252E1AA7003185F4 /* Release */,
			);
			defaultConfigurationIsVisible = 0;
			defaultConfigurationName = Release;
		};
		17675130252E1AA7003185F4 /* Build configuration list for PBXNativeTarget "олололUITests" */ = {
			isa = XCConfigurationList;
			buildConfigurations = (
				17675131252E1AA7003185F4 /* Debug */,
				17675132252E1AA7003185F4 /* Release */,
			);
			defaultConfigurationIsVisible = 0;
			defaultConfigurationName = Release;
		};
/* End XCConfigurationList section */
	};
	rootObject = 176750F8252E1AA5003185F4 /* Project object */;
}
